
Microsoft Visual Studio Solution File, Format Version 12.00
# Visual Studio Version 17
VisualStudioVersion = 17.10.35013.160
MinimumVisualStudioVersion = 10.0.40219.1
Project("{FAE04EC0-301F-11D3-BF4B-00C04F79EFBC}") = "helloWorld", "helloWorld\helloWorld.csproj", "{2EC6C01E-7955-477B-BED2-352202CEF8A1}"
EndProject
Global
	GlobalSection(SolutionConfigurationPlatforms) = preSolution
		Debug|Any CPU = Debug|Any CPU
		Release|Any CPU = Release|Any CPU
	EndGlobalSection
	GlobalSection(ProjectConfigurationPlatforms) = postSolution
		{2EC6C01E-7955-477B-BED2-352202CEF8A1}.Debug|Any CPU.ActiveCfg = Debug|Any CPU
		{2EC6C01E-7955-477B-BED2-352202CEF8A1}.Debug|Any CPU.Build.0 = Debug|Any CPU
		{2EC6C01E-7955-477B-BED2-352202CEF8A1}.Release|Any CPU.ActiveCfg = Release|Any CPU
		{2EC6C01E-7955-477B-BED2-352202CEF8A1}.Release|Any CPU.Build.0 = Release|Any CPU
	EndGlobalSection
	GlobalSection(SolutionProperties) = preSolution
		HideSolutionNode = FALSE
	EndGlobalSection
	GlobalSection(ExtensibilityGlobals) = postSolution
		SolutionGuid = {F8E8B9C3-2BD0-40D8-89E0-4064B362D331}
	EndGlobalSection
EndGlobal
